{
  "name": "bare",
  "lockfileVersion": 3,
  "requires": true,
  "packages": {
    "": {
      "name": "bare",
      "license": "Apache-2.0",
      "workspaces": [
        "npm"
      ],
      "dependencies": {
        "bare-addon-resolve": "^1.4.1",
        "bare-buffer": "^3.0.0",
        "bare-console": "^6.0.0",
        "bare-events": "^2.0.0",
        "bare-hrtime": "^2.0.0",
        "bare-inspector": "^6.0.0",
        "bare-module": "^6.1.3",
        "bare-module-resolve": "^1.6.1",
        "bare-os": "^3.0.1",
        "bare-path": "^3.0.0",
        "bare-queue-microtask": "^1.0.0",
        "bare-repl": "^6.0.1",
        "bare-signals": "^4.0.4",
        "bare-structured-clone": "^1.0.2",
        "bare-timers": "^3.0.0",
        "bare-tty": "^5.0.0",
        "bare-url": "^2.0.0",
        "paparam": "^1.1.2"
      },
      "devDependencies": {
        "bare-http1": "^4.0.0",
        "bare-tap": "^1.0.0",
        "cmake-bare": "^1.1.7",
        "cmake-bare-bundle": "^3.0.0",
        "cmake-drive": "^1.1.1",
        "cmake-fetch": "^1.0.0",
        "cmake-harden": "^1.1.2",
        "cmake-napi": "^1.0.7",
        "lunte": "^1.4.0",
        "prettier": "^3.3.3",
        "prettier-config-holepunch": "^2.0.0"
      }
    },
    "node_modules/@hyperswarm/secret-stream": {
      "version": "6.9.1",
      "dev": true,
      "license": "Apache-2.0",
      "dependencies": {
        "b4a": "^1.1.0",
        "hypercore-crypto": "^3.3.1",
        "noise-curve-ed": "^2.0.1",
        "noise-handshake": "^4.0.0",
        "sodium-secretstream": "^1.1.0",
        "sodium-universal": "^5.0.0",
        "streamx": "^2.14.0",
        "timeout-refresh": "^2.0.0",
        "unslab": "^1.3.0"
      }
    },
    "node_modules/adaptive-timeout": {
      "version": "1.0.1",
      "dev": true,
      "license": "Apache-2.0",
      "dependencies": {
        "xache": "^1.2.1"
      }
    },
    "node_modules/b4a": {
      "version": "1.8.0",
      "license": "Apache-2.0",
      "peerDependencies": {
        "react-native-b4a": "*"
      },
      "peerDependenciesMeta": {
        "react-native-b4a": {
          "optional": true
        }
      }
    },
    "node_modules/bare": {
      "resolved": "npm",
      "link": true
    },
    "node_modules/bare-abort": {
      "version": "2.0.13",
      "license": "Apache-2.0"
    },
    "node_modules/bare-addon-resolve": {
      "version": "1.10.0",
      "license": "Apache-2.0",
      "dependencies": {
        "bare-module-resolve": "^1.10.0",
        "bare-semver": "^1.0.0"
      },
      "peerDependencies": {
        "bare-url": "*"
      },
      "peerDependenciesMeta": {
        "bare-url": {
          "optional": true
        }
      }
    },
    "node_modules/bare-ansi-escapes": {
      "version": "2.2.3",
      "license": "Apache-2.0",
      "dependencies": {
        "bare-stream": "^2.6.5"
      },
      "peerDependencies": {
        "bare-buffer": "*"
      },
      "peerDependenciesMeta": {
        "bare-buffer": {
          "optional": true
        }
      }
    },
    "node_modules/bare-assert": {
      "version": "1.2.0",
      "license": "Apache-2.0",
      "dependencies": {
        "bare-inspect": "^3.1.2"
      }
    },
    "node_modules/bare-buffer": {
      "version": "3.6.0",
      "license": "Apache-2.0",
      "engines": {
        "bare": ">=1.20.0"
      }
    },
    "node_modules/bare-bundle": {
      "version": "1.10.0",
      "license": "Apache-2.0",
      "peerDependencies": {
        "bare-buffer": "*",
        "bare-url": "*"
      },
      "peerDependenciesMeta": {
        "bare-buffer": {
          "optional": true
        },
        "bare-url": {
          "optional": true
        }
      }
    },
    "node_modules/bare-bundle-compile": {
      "version": "1.2.2",
      "dev": true,
      "license": "Apache-2.0",
      "peerDependencies": {
        "bare-bundle": "^1.8.0"
      }
    },
    "node_modules/bare-bundle-id": {
      "version": "1.0.2",
      "dev": true,
      "license": "Apache-2.0",
      "dependencies": {
        "sodium-native": "^5.0.9"
      },
      "peerDependencies": {
        "bare-buffer": "*",
        "bare-bundle": "*"
      }
    },
    "node_modules/bare-console": {
      "version": "6.1.0",
      "license": "Apache-2.0",
      "dependencies": {
        "bare-hrtime": "^2.0.0",
        "bare-logger": "^2.0.0",
        "bare-system-logger": "^1.0.2"
      }
    },
    "node_modules/bare-crypto": {
      "version": "1.13.4",
      "license": "Apache-2.0",
      "dependencies": {
        "bare-assert": "^1.2.0",
        "bare-stream": "^2.6.3"
      },
      "peerDependencies": {
        "bare-buffer": "*"
      },
      "peerDependenciesMeta": {
        "bare-buffer": {
          "optional": true
        }
      }
    },
    "node_modules/bare-debug-log": {
      "version": "2.0.0",
      "resolved": "https://registry.npmjs.org/bare-debug-log/-/bare-debug-log-2.0.0.tgz",
      "integrity": "sha512-Vi42PkMQsNV9PUpx2Gl1hikshx5O9FzMJ6o9Nnopseg7qLBBK7Nl31d0RHcfwLEAfmcPApytpc0ZFfq68u22FQ==",
      "dev": true,
      "license": "Apache-2.0",
      "optional": true,
      "dependencies": {
        "bare-os": "^3.0.1"
      }
    },
    "node_modules/bare-dns": {
      "version": "2.1.4",
      "license": "Apache-2.0",
      "engines": {
        "bare": ">=1.7.0"
      }
    },
    "node_modules/bare-encoding": {
      "version": "1.0.3",
      "resolved": "https://registry.npmjs.org/bare-encoding/-/bare-encoding-1.0.3.tgz",
      "integrity": "sha512-Kqf+t/azs13lUeyK4Tb7ha4wdLRXKWCXQ8w1rVmt7KtoPCPdHD/Xwt7LBIsCSwwGglrcmblo5VOLa5avkJqULA==",
      "dev": true,
      "license": "Apache-2.0",
      "optional": true,
      "peerDependencies": {
        "bare-buffer": "*"
      },
      "peerDependenciesMeta": {
        "bare-buffer": {
          "optional": true
        }
      }
    },
    "node_modules/bare-env": {
      "version": "3.0.0",
      "license": "Apache-2.0",
      "dependencies": {
        "bare-os": "^3.0.1"
      }
    },
    "node_modules/bare-events": {
      "version": "2.8.2",
      "license": "Apache-2.0",
      "peerDependencies": {
        "bare-abort-controller": "*"
      },
      "peerDependenciesMeta": {
        "bare-abort-controller": {
          "optional": true
        }
      }
    },
    "node_modules/bare-format": {
      "version": "1.0.2",
      "license": "Apache-2.0",
      "dependencies": {
        "bare-inspect": "^3.0.0"
      }
    },
    "node_modules/bare-fs": {
      "version": "4.6.0",
      "license": "Apache-2.0",
      "dependencies": {
        "bare-events": "^2.5.4",
        "bare-path": "^3.0.0",
        "bare-stream": "^2.6.4",
        "bare-url": "^2.2.2",
        "fast-fifo": "^1.3.2"
      },
      "engines": {
        "bare": ">=1.16.0"
      },
      "peerDependencies": {
        "bare-buffer": "*"
      },
      "peerDependenciesMeta": {
        "bare-buffer": {
          "optional": true
        }
      }
    },
    "node_modules/bare-hrtime": {
      "version": "2.1.1",
      "license": "Apache-2.0"
    },
    "node_modules/bare-http-parser": {
      "version": "1.1.3",
      "license": "Apache-2.0"
    },
    "node_modules/bare-http1": {
      "version": "4.5.5",
      "license": "Apache-2.0",
      "dependencies": {
        "bare-events": "^2.6.0",
        "bare-http-parser": "^1.1.1",
        "bare-stream": "^2.10.0",
        "bare-tcp": "^2.2.0"
      },
      "peerDependencies": {
        "bare-buffer": "*",
        "bare-url": "*"
      },
      "peerDependenciesMeta": {
        "bare-buffer": {
          "optional": true
        },
        "bare-url": {
          "optional": true
        }
      }
    },
    "node_modules/bare-https": {
      "version": "2.1.3",
      "license": "Apache-2.0",
      "dependencies": {
        "bare-http1": "^4.4.0",
        "bare-tcp": "^2.2.0",
        "bare-tls": "^2.0.0"
      }
    },
    "node_modules/bare-inspect": {
      "version": "3.1.4",
      "license": "Apache-2.0",
      "dependencies": {
        "bare-ansi-escapes": "^2.1.0",
        "bare-type": "^1.0.0"
      },
      "engines": {
        "bare": ">=1.18.0"
      }
    },
    "node_modules/bare-inspector": {
      "version": "6.0.0",
      "license": "Apache-2.0",
      "dependencies": {
        "bare-events": "^2.1.0",
        "bare-http1": "^4.0.0",
        "bare-stream": "^2.0.0",
        "bare-url": "^2.0.0",
        "bare-ws": "^2.0.0"
      },
      "engines": {
        "bare": ">=1.25.0"
      },
      "peerDependencies": {
        "bare-tcp": "*"
      },
      "peerDependenciesMeta": {
        "bare-tcp": {
          "optional": true
        }
      }
    },
    "node_modules/bare-logger": {
      "version": "2.0.3",
      "license": "Apache-2.0",
      "dependencies": {
        "bare-format": "^1.0.0"
      }
    },
    "node_modules/bare-module": {
      "version": "6.1.3",
      "license": "Apache-2.0",
      "dependencies": {
        "bare-bundle": "^1.3.0",
        "bare-module-lexer": "^1.0.0",
        "bare-module-resolve": "^1.8.0",
        "bare-path": "^3.0.0",
        "bare-url": "^2.0.1"
      },
      "engines": {
        "bare": ">=1.23.0"
      },
      "peerDependencies": {
        "bare-buffer": "*"
      },
      "peerDependenciesMeta": {
        "bare-buffer": {
          "optional": true
        }
      }
    },
    "node_modules/bare-module-lexer": {
      "version": "1.4.7",
      "license": "Apache-2.0",
      "dependencies": {
        "require-addon": "^1.0.2"
      },
      "peerDependencies": {
        "bare-buffer": "*"
      },
      "peerDependenciesMeta": {
        "bare-buffer": {
          "optional": true
        }
      }
    },
    "node_modules/bare-module-resolve": {
      "version": "1.12.1",
      "license": "Apache-2.0",
      "dependencies": {
        "bare-semver": "^1.0.0"
      },
      "peerDependencies": {
        "bare-url": "*"
      },
      "peerDependenciesMeta": {
        "bare-url": {
          "optional": true
        }
      }
    },
    "node_modules/bare-module-traverse": {
      "version": "2.0.1",
      "dev": true,
      "license": "Apache-2.0",
      "dependencies": {
        "bare-addon-resolve": "^1.5.0",
        "bare-module-lexer": "^1.4.0",
        "bare-module-resolve": "^1.7.0"
      },
      "peerDependencies": {
        "bare-buffer": "*",
        "bare-url": "*"
      },
      "peerDependenciesMeta": {
        "bare-buffer": {
          "optional": true
        },
        "bare-url": {
          "optional": true
        }
      }
    },
    "node_modules/bare-net": {
      "version": "2.3.1",
      "license": "Apache-2.0",
      "dependencies": {
        "bare-events": "^2.2.2",
        "bare-pipe": "^4.0.0",
        "bare-stream": "^2.0.0",
        "bare-tcp": "^2.0.0"
      }
    },
    "node_modules/bare-os": {
      "version": "3.8.7",
      "license": "Apache-2.0",
      "engines": {
        "bare": ">=1.14.0"
      }
    },
    "node_modules/bare-pack": {
      "version": "2.0.1",
      "dev": true,
      "license": "Apache-2.0",
      "dependencies": {
        "bare-bundle": "^1.8.3",
        "bare-bundle-id": "^1.0.0",
        "bare-fs": "^4.2.1",
        "bare-module-traverse": "~2.0.0",
        "bare-path": "^3.0.0",
        "bare-url": "*",
        "paparam": "^1.5.0",
        "promaphore": "^1.0.0"
      },
      "bin": {
        "bare-pack": "bin.js"
      },
      "peerDependencies": {
        "bare-buffer": "*",
        "bare-url": "*"
      },
      "peerDependenciesMeta": {
        "bare-buffer": {
          "optional": true
        },
        "bare-url": {
          "optional": true
        }
      }
    },
    "node_modules/bare-path": {
      "version": "3.0.0",
      "license": "Apache-2.0",
      "dependencies": {
        "bare-os": "^3.0.1"
      }
    },
    "node_modules/bare-pipe": {
      "version": "4.1.5",
      "license": "Apache-2.0",
      "dependencies": {
        "bare-events": "^2.0.0",
        "bare-stream": "^2.0.0"
      },
      "engines": {
        "bare": ">=1.16.0"
      }
    },
    "node_modules/bare-process": {
      "version": "4.4.1",
      "license": "Apache-2.0",
      "dependencies": {
        "bare-abort": "^2.0.13",
        "bare-env": "^3.0.0",
        "bare-events": "^2.3.1",
        "bare-hrtime": "^2.0.0",
        "bare-os": "^3.7.1",
        "bare-signals": "^4.0.0",
        "bare-stdio": "^1.0.1"
      }
    },
    "node_modules/bare-queue-microtask": {
      "version": "1.0.0",
      "license": "Apache-2.0"
    },
    "node_modules/bare-readline": {
      "version": "1.3.1",
      "license": "Apache-2.0",
      "dependencies": {
        "bare-ansi-escapes": "^2.0.0",
        "bare-stream": "^2.0.0"
      }
    },
    "node_modules/bare-repl": {
      "version": "6.0.2",
      "license": "Apache-2.0",
      "dependencies": {
        "bare-inspect": "^3.0.0",
        "bare-module": "^6.0.1",
        "bare-os": "^3.0.1",
        "bare-path": "^3.0.0",
        "bare-pipe": "^4.0.0",
        "bare-readline": "^1.0.0",
        "bare-stream": "^2.0.0",
        "bare-tty": "^5.0.0"
      }
    },
    "node_modules/bare-runtime": {
      "version": "1.28.1",
      "license": "Apache-2.0",
      "workspaces": [
        "npm/*"
      ],
      "dependencies": {
        "bare-fs": "^4.4.4",
        "bare-os": "^3.0.1",
        "bare-path": "^3.0.0",
        "bare-process": "^4.2.1",
        "bare-subprocess": "^5.0.0"
      },
      "bin": {
        "bare": "bin/bare"
      },
      "optionalDependencies": {
        "bare-runtime-android-arm": "1.28.1",
        "bare-runtime-android-arm64": "1.28.1",
        "bare-runtime-android-ia32": "1.28.1",
        "bare-runtime-android-x64": "1.28.1",
        "bare-runtime-darwin-arm64": "1.28.1",
        "bare-runtime-darwin-x64": "1.28.1",
        "bare-runtime-ios-arm64": "1.28.1",
        "bare-runtime-ios-arm64-simulator": "1.28.1",
        "bare-runtime-ios-x64-simulator": "1.28.1",
        "bare-runtime-linux-arm64": "1.28.1",
        "bare-runtime-linux-x64": "1.28.1",
        "bare-runtime-win32-arm64": "1.28.1",
        "bare-runtime-win32-x64": "1.28.1"
      }
    },
    "node_modules/bare-runtime-darwin-arm64": {
      "version": "1.28.1",
      "cpu": [
        "arm64"
      ],
      "license": "Apache-2.0",
      "optional": true,
      "os": [
        "darwin"
      ],
      "dependencies": {
        "require-asset": "^1.0.2"
      },
      "bin": {
        "bare": "bin/bare"
      }
    },
    "node_modules/bare-semver": {
      "version": "1.0.2",
      "license": "Apache-2.0"
    },
    "node_modules/bare-signals": {
      "version": "4.2.0",
      "license": "Apache-2.0",
      "dependencies": {
        "bare-events": "^2.5.3",
        "bare-os": "^3.3.1"
      },
      "engines": {
        "bare": ">=1.7.0"
      }
    },
    "node_modules/bare-stdio": {
      "version": "1.0.2",
      "license": "Apache-2.0",
      "dependencies": {
        "bare-fs": "^4.5.2",
        "bare-pipe": "^4.1.5",
        "bare-tty": "^5.0.3"
      }
    },
    "node_modules/bare-stream": {
      "version": "2.12.0",
      "license": "Apache-2.0",
      "dependencies": {
        "streamx": "^2.25.0",
        "teex": "^1.0.1"
      },
      "peerDependencies": {
        "bare-abort-controller": "*",
        "bare-buffer": "*",
        "bare-events": "*"
      },
      "peerDependenciesMeta": {
        "bare-abort-controller": {
          "optional": true
        },
        "bare-buffer": {
          "optional": true
        },
        "bare-events": {
          "optional": true
        }
      }
    },
    "node_modules/bare-structured-clone": {
      "version": "1.5.3",
      "license": "Apache-2.0",
      "dependencies": {
        "bare-type": "^1.1.0",
        "compact-encoding": "^2.15.0"
      },
      "engines": {
        "bare": ">=1.2.0"
      },
      "peerDependencies": {
        "bare-buffer": "*",
        "bare-url": "*"
      },
      "peerDependenciesMeta": {
        "bare-buffer": {
          "optional": true
        },
        "bare-url": {
          "optional": true
        }
      }
    },
    "node_modules/bare-stylize": {
      "version": "0.0.1",
      "resolved": "https://registry.npmjs.org/bare-stylize/-/bare-stylize-0.0.1.tgz",
      "integrity": "sha512-l3MjmIl476bWijYWf3RbE+osl4iuXSOMudzp0vAqzIK7gPgn/+G3oAxp8Oin9CFF911KBP0LO9kts8Ci8mGZaQ==",
      "dev": true,
      "license": "Apache-2.0",
      "optional": true,
      "dependencies": {
        "bare-ansi-escapes": "^2.2.3",
        "bare-process": "^4.2.1"
      }
    },
    "node_modules/bare-subprocess": {
      "version": "5.2.3",
      "license": "Apache-2.0",
      "dependencies": {
        "bare-env": "^3.0.0",
        "bare-events": "^2.5.4",
        "bare-os": "^3.0.1",
        "bare-pipe": "^4.0.0",
        "bare-url": "^2.2.2"
      },
      "engines": {
        "bare": ">=1.7.0"
      },
      "peerDependencies": {
        "bare-buffer": "*"
      },
      "peerDependenciesMeta": {
        "bare-buffer": {
          "optional": true
        }
      }
    },
    "node_modules/bare-system-logger": {
      "version": "1.0.3",
      "license": "Apache-2.0",
      "dependencies": {
        "bare-logger": "^2.0.0"
      }
    },
    "node_modules/bare-tap": {
      "version": "1.0.0",
      "dev": true,
      "license": "Apache-2.0",
      "dependencies": {
        "bare-assert": "^1.2.0"
      }
    },
    "node_modules/bare-tcp": {
      "version": "2.2.7",
      "license": "Apache-2.0",
      "dependencies": {
        "bare-dns": "^2.0.4",
        "bare-events": "^2.5.4",
        "bare-stream": "^2.6.4"
      },
      "engines": {
        "bare": ">=1.16.0"
      }
    },
    "node_modules/bare-timers": {
      "version": "3.2.1",
      "license": "Apache-2.0",
      "engines": {
        "bare": ">=1.7.0"
      },
      "peerDependencies": {
        "bare-abort-controller": "*"
      },
      "peerDependenciesMeta": {
        "bare-abort-controller": {
          "optional": true
        }
      }
    },
    "node_modules/bare-tls": {
      "version": "2.2.1",
      "license": "Apache-2.0",
      "dependencies": {
        "bare-net": "^2.0.1",
        "bare-stream": "^2.6.4"
      },
      "engines": {
        "bare": ">=1.7.0"
      }
    },
    "node_modules/bare-tty": {
      "version": "5.1.0",
      "license": "Apache-2.0",
      "dependencies": {
        "bare-events": "^2.2.0",
        "bare-signals": "^4.0.0",
        "bare-stream": "^2.0.0"
      },
      "engines": {
        "bare": ">=1.16.0"
      }
    },
    "node_modules/bare-type": {
      "version": "1.1.0",
      "license": "Apache-2.0",
      "engines": {
        "bare": ">=1.2.0"
      }
    },
    "node_modules/bare-url": {
      "version": "2.4.0",
      "license": "Apache-2.0",
      "dependencies": {
        "bare-path": "^3.0.0"
      }
    },
    "node_modules/bare-utils": {
      "version": "1.6.0",
      "resolved": "https://registry.npmjs.org/bare-utils/-/bare-utils-1.6.0.tgz",
      "integrity": "sha512-WhQEIkkAxkSnW7u1QgrI0AfNm5JpMruETXeYsb5qnkBJ0TTfNKygZmsh6rkoHBANaV+C/7Jed7bJP9OmEHG7rQ==",
      "dev": true,
      "license": "Apache-2.0",
      "optional": true,
      "dependencies": {
        "bare-debug-log": "^2.0.0",
        "bare-encoding": "^1.0.0",
        "bare-format": "^1.0.0",
        "bare-inspect": "^3.0.0",
        "bare-stylize": "^0.0.1",
        "bare-type": "^1.0.6"
      }
    },
    "node_modules/bare-ws": {
      "version": "2.1.0",
      "license": "Apache-2.0",
      "dependencies": {
        "bare-crypto": "^1.2.0",
        "bare-events": "^2.3.1",
        "bare-http1": "^4.0.0",
        "bare-https": "^2.0.0",
        "bare-stream": "^2.1.2"
      },
      "peerDependencies": {
        "bare-buffer": "*",
        "bare-url": "*"
      },
      "peerDependenciesMeta": {
        "bare-buffer": {
          "optional": true
        },
        "bare-url": {
          "optional": true
        }
      }
    },
    "node_modules/big-sparse-array": {
      "version": "1.0.3",
      "dev": true,
      "license": "MIT"
    },
    "node_modules/binary-stream-equals": {
      "version": "1.0.0",
      "dev": true,
      "license": "MIT",
      "dependencies": {
        "b4a": "^1.3.1"
      }
    },
    "node_modules/bits-to-bytes": {
      "version": "1.3.0",
      "dev": true,
      "license": "ISC",
      "dependencies": {
        "b4a": "^1.5.0"
      }
    },
    "node_modules/blind-relay": {
      "version": "1.4.0",
      "dev": true,
      "license": "Apache-2.0",
      "dependencies": {
        "b4a": "^1.6.4",
        "bare-events": "^2.2.0",
        "bits-to-bytes": "^1.3.0",
        "compact-encoding": "^2.12.0",
        "compact-encoding-bitfield": "^1.0.0",
        "protomux": "^3.5.1",
        "sodium-universal": "^5.0.0",
        "streamx": "^2.15.1"
      }
    },
    "node_modules/bogon": {
      "version": "1.2.0",
      "dev": true,
      "license": "MIT",
      "dependencies": {
        "compact-encoding": "^2.11.0",
        "compact-encoding-net": "^1.2.0"
      }
    },
    "node_modules/cmake-bare": {
      "version": "1.7.7",
      "dev": true,
      "license": "Apache-2.0",
      "dependencies": {
        "cmake-npm": "^1.1.0"
      }
    },
    "node_modules/cmake-bare-bundle": {
      "version": "3.0.0",
      "dev": true,
      "license": "Apache-2.0",
      "dependencies": {
        "bare-bundle": "^1.8.0",
        "bare-bundle-compile": "^1.0.0",
        "bare-module-traverse": "^2.0.0",
        "bare-pack": "^2.0.0",
        "cmake-bare": "^1.1.4",
        "include-static": "^1.1.0"
      }
    },
    "node_modules/cmake-drive": {
      "version": "1.2.9",
      "dev": true,
      "license": "Apache-2.0",
      "dependencies": {
        "corestore": "^7.0.6",
        "hypercore-id-encoding": "^1.3.0",
        "hyperdrive": "^12.0.0",
        "hyperswarm": "^4.8.4",
        "localdrive": "^2.1.0"
      }
    },
    "node_modules/cmake-fetch": {
      "version": "1.4.9",
      "dev": true,
      "license": "Apache-2.0"
    },
    "node_modules/cmake-harden": {
      "version": "1.1.2",
      "dev": true,
      "license": "Apache-2.0"
    },
    "node_modules/cmake-napi": {
      "version": "1.2.2",
      "dev": true,
      "license": "Apache-2.0"
    },
    "node_modules/cmake-npm": {
      "version": "1.1.0",
      "dev": true,
      "license": "Apache-2.0"
    },
    "node_modules/codecs": {
      "version": "3.1.0",
      "dev": true,
      "license": "MIT",
      "dependencies": {
        "b4a": "^1.6.3"
      }
    },
    "node_modules/compact-encoding": {
      "version": "2.19.2",
      "license": "Apache-2.0",
      "dependencies": {
        "b4a": "^1.3.0"
      }
    },
    "node_modules/compact-encoding-bitfield": {
      "version": "1.0.0",
      "dev": true,
      "license": "ISC",
      "dependencies": {
        "compact-encoding": "^2.4.1"
      }
    },
    "node_modules/compact-encoding-net": {
      "version": "1.2.0",
      "dev": true,
      "license": "ISC",
      "dependencies": {
        "compact-encoding": "^2.4.1"
      }
    },
    "node_modules/corestore": {
      "version": "7.9.2",
      "dev": true,
      "license": "MIT",
      "dependencies": {
        "b4a": "^1.6.7",
        "hypercore": "^11.19.0",
        "hypercore-crypto": "^3.4.2",
        "hypercore-errors": "^1.4.0",
        "hypercore-id-encoding": "^1.3.0",
        "ready-resource": "^1.1.1",
        "sodium-universal": "^5.0.1",
        "which-runtime": "^1.2.1"
      }
    },
    "node_modules/debounceify": {
      "version": "1.1.0",
      "dev": true,
      "license": "MIT"
    },
    "node_modules/device-file": {
      "version": "2.3.1",
      "dev": true,
      "license": "Apache-2.0",
      "dependencies": {
        "b4a": "^1.6.7",
        "bare-fs": "^4.0.1",
        "bare-path": "^3.0.0",
        "fd-lock": "^2.1.0",
        "fs-native-extensions": "^1.4.0",
        "ready-resource": "^1.2.0"
      }
    },
    "node_modules/dht-rpc": {
      "version": "6.26.3",
      "dev": true,
      "license": "MIT",
      "dependencies": {
        "adaptive-timeout": "^1.0.1",
        "b4a": "^1.6.1",
        "bare-events": "^2.2.0",
        "compact-encoding": "^2.11.0",
        "compact-encoding-net": "^1.2.0",
        "fast-fifo": "^1.1.0",
        "kademlia-routing-table": "^1.0.1",
        "nat-sampler": "^1.0.1",
        "sodium-universal": "^5.0.0",
        "streamx": "^2.13.2",
        "time-ordered-set": "^2.0.0",
        "udx-native": "^1.5.3"
      }
    },
    "node_modules/events-universal": {
      "version": "1.0.1",
      "license": "Apache-2.0",
      "dependencies": {
        "bare-events": "^2.7.0"
      }
    },
    "node_modules/fast-fifo": {
      "version": "1.3.2",
      "license": "MIT"
    },
    "node_modules/fd-lock": {
      "version": "2.1.1",
      "dev": true,
      "license": "Apache-2.0",
      "dependencies": {
        "bare-fs": "^4.5.0",
        "fs-native-extensions": "^1.4.4",
        "ready-resource": "^1.2.0",
        "resource-on-exit": "^1.0.0"
      }
    },
    "node_modules/flat-tree": {
      "version": "1.13.0",
      "dev": true,
      "license": "MIT"
    },
    "node_modules/fs-native-extensions": {
      "version": "1.4.5",
      "dev": true,
      "license": "Apache-2.0",
      "dependencies": {
        "require-addon": "^1.1.0",
        "which-runtime": "^1.2.0"
      }
    },
    "node_modules/generate-object-property": {
      "version": "2.0.0",
      "dev": true,
      "license": "MIT",
      "dependencies": {
        "is-property": "^1.0.0"
      }
    },
    "node_modules/generate-string": {
      "version": "1.0.1",
      "dev": true,
      "license": "MIT"
    },
    "node_modules/hyperbee": {
      "version": "2.27.3",
      "dev": true,
      "license": "MIT",
      "dependencies": {
        "b4a": "^1.6.0",
        "codecs": "^3.0.0",
        "debounceify": "^1.0.0",
        "hypercore-errors": "^1.0.0",
        "mutexify": "^1.4.0",
        "protocol-buffers-encodings": "^1.2.0",
        "rache": "^1.0.0",
        "ready-resource": "^1.0.0",
        "resolve-reject-promise": "^1.1.0",
        "safety-catch": "^1.0.2",
        "streamx": "^2.12.4",
        "unslab": "^1.2.0"
      }
    },
    "node_modules/hyperblobs": {
      "version": "2.11.1",
      "dev": true,
      "license": "Apache-2.0",
      "dependencies": {
        "b4a": "^1.6.1",
        "bare-events": "^2.5.0",
        "compact-encoding": "^2.18.0",
        "hypercore-crypto": "^3.6.1",
        "hypercore-errors": "^1.1.1",
        "mutexify": "^1.4.0",
        "speedometer": "^1.1.0",
        "streamx": "^2.13.2"
      }
    },
    "node_modules/hypercore": {
      "version": "11.28.1",
      "dev": true,
      "license": "MIT",
      "dependencies": {
        "@hyperswarm/secret-stream": "^6.0.0",
        "b4a": "^1.1.0",
        "bare-events": "^2.2.0",
        "big-sparse-array": "^1.0.3",
        "compact-encoding": "^2.11.0",
        "fast-fifo": "^1.3.0",
        "flat-tree": "^1.9.0",
        "hypercore-crypto": "^3.2.1",
        "hypercore-errors": "^1.5.0",
        "hypercore-id-encoding": "^1.2.0",
        "hypercore-storage": "^2.8.0",
        "is-options": "^1.0.1",
        "nanoassert": "^2.0.0",
        "protomux": "^3.5.0",
        "quickbit-universal": "^2.2.0",
        "random-array-iterator": "^1.0.0",
        "safety-catch": "^1.0.1",
        "sodium-universal": "^5.0.1",
        "streamx": "^2.12.4",
        "unslab": "^1.3.0",
        "z32": "^1.0.0"
      }
    },
    "node_modules/hypercore-crypto": {
      "version": "3.6.1",
      "dev": true,
      "license": "MIT",
      "dependencies": {
        "b4a": "^1.6.6",
        "compact-encoding": "^2.15.0",
        "sodium-universal": "^5.0.0"
      }
    },
    "node_modules/hypercore-errors": {
      "version": "1.5.0",
      "dev": true,
      "license": "Apache-2.0",
      "dependencies": {
        "hypercore-id-encoding": "^1.3.0"
      }
    },
    "node_modules/hypercore-id-encoding": {
      "version": "1.3.0",
      "dev": true,
      "license": "Apache-2.0",
      "dependencies": {
        "b4a": "^1.5.3",
        "z32": "^1.0.0"
      }
    },
    "node_modules/hypercore-storage": {
      "version": "2.8.0",
      "dev": true,
      "license": "Apache-2.0",
      "dependencies": {
        "b4a": "^1.6.7",
        "bare-fs": "^4.0.1",
        "bare-path": "^3.0.0",
        "compact-encoding": "^2.16.0",
        "device-file": "^2.1.2",
        "flat-tree": "^1.12.1",
        "hypercore-crypto": "^3.4.2",
        "hyperschema": "^1.7.0",
        "index-encoder": "^3.3.2",
        "resolve-reject-promise": "^1.0.0",
        "rocksdb-native": "^3.11.0",
        "scope-lock": "^1.2.4",
        "streamx": "^2.21.1"
      }
    },
    "node_modules/hyperdht": {
      "version": "6.29.6",
      "dev": true,
      "license": "MIT",
      "dependencies": {
        "@hyperswarm/secret-stream": "^6.6.2",
        "b4a": "^1.3.1",
        "bare-events": "^2.2.0",
        "blind-relay": "^1.3.0",
        "bogon": "^1.0.0",
        "compact-encoding": "^2.4.1",
        "dht-rpc": "^6.15.1",
        "hypercore-crypto": "^3.3.0",
        "hypercore-id-encoding": "^1.2.0",
        "noise-curve-ed": "^2.0.0",
        "noise-handshake": "^4.0.0",
        "record-cache": "^1.1.1",
        "safety-catch": "^1.0.1",
        "signal-promise": "^1.0.3",
        "sodium-universal": "^5.0.1",
        "streamx": "^2.16.1",
        "unslab": "^1.3.0",
        "xache": "^1.1.0"
      },
      "bin": {
        "hyperdht": "bin.js"
      }
    },
    "node_modules/hyperdrive": {
      "version": "12.3.0",
      "dev": true,
      "license": "Apache-2.0",
      "dependencies": {
        "hyperbee": "^2.11.1",
        "hyperblobs": "^2.3.0",
        "hypercore": "^11.0.0",
        "hypercore-errors": "^1.0.0",
        "is-options": "^1.0.2",
        "mirror-drive": "^1.2.0",
        "ready-resource": "^1.0.0",
        "safety-catch": "^1.0.2",
        "speedometer": "^1.1.0",
        "streamx": "^2.12.4",
        "sub-encoder": "^2.1.1",
        "unix-path-resolve": "^1.0.2"
      }
    },
    "node_modules/hyperschema": {
      "version": "1.20.1",
      "dev": true,
      "license": "Apache-2.0",
      "dependencies": {
        "bare-fs": "^4.0.1",
        "compact-encoding": "^2.19.0",
        "generate-object-property": "^2.0.0",
        "generate-string": "^1.0.1"
      }
    },
    "node_modules/hyperswarm": {
      "version": "4.17.0",
      "dev": true,
      "license": "MIT",
      "dependencies": {
        "b4a": "^1.3.1",
        "bare-events": "^2.2.0",
        "hyperdht": "^6.21.0",
        "safety-catch": "^1.0.2",
        "shuffled-priority-queue": "^2.1.0",
        "streamx": "^2.22.1",
        "unslab": "^1.3.0"
      }
    },
    "node_modules/include-static": {
      "version": "1.1.0",
      "dev": true,
      "license": "MIT",
      "bin": {
        "include-static": "bin.js"
      }
    },
    "node_modules/index-encoder": {
      "version": "3.5.0",
      "dev": true,
      "license": "Apache-2.0",
      "dependencies": {
        "b4a": "^1.6.4"
      }
    },
    "node_modules/is-options": {
      "version": "1.0.2",
      "dev": true,
      "license": "MIT",
      "dependencies": {
        "b4a": "^1.1.1"
      }
    },
    "node_modules/is-property": {
      "version": "1.0.2",
      "dev": true,
      "license": "MIT"
    },
    "node_modules/kademlia-routing-table": {
      "version": "1.0.6",
      "dev": true,
      "license": "MIT",
      "dependencies": {
        "bare-events": "^2.2.0"
      }
    },
    "node_modules/localdrive": {
      "version": "2.2.1",
      "dev": true,
      "license": "Apache-2.0",
      "dependencies": {
        "b4a": "^1.6.1",
        "bare-fs": "^4.0.1",
        "bare-path": "^3.0.0",
        "mirror-drive": "^1.2.0",
        "mutexify": "^1.4.0",
        "streamx": "^2.12.5",
        "unix-path-resolve": "^1.0.2"
      }
    },
    "node_modules/lunte": {
      "version": "1.6.0",
      "resolved": "https://registry.npmjs.org/lunte/-/lunte-1.6.0.tgz",
      "integrity": "sha512-8rKBwGPp5PukMy3zT6H6VRiVlx5AyyslOv7+h/FiUS5T2WCrGDBSY6SMHiuNMS/hlHSmoBLjZbx9XmEp/nd7Aw==",
      "dev": true,
      "license": "Apache-2.0",
      "dependencies": {
        "paparam": "^1.8.6"
      },
      "bin": {
        "lunte": "bin/lunte"
      },
      "optionalDependencies": {
        "bare-events": "^2.8.1",
        "bare-fs": "^4.5.0",
        "bare-module": "^6.1.2",
        "bare-os": "^3.6.2",
        "bare-path": "^3.0.0",
        "bare-process": "^4.2.2",
        "bare-subprocess": "^5.1.4",
        "bare-url": "^2.3.2",
        "bare-utils": "^1.5.1"
      }
    },
    "node_modules/mirror-drive": {
      "version": "1.14.1",
      "dev": true,
      "license": "Apache-2.0",
      "dependencies": {
        "bare-events": "^2.8.2",
        "binary-stream-equals": "^1.0.0",
        "rabin-stream": "^2.0.0",
        "same-data": "^1.0.0",
        "speedometer": "^1.1.0",
        "streamx": "^2.22.1",
        "unix-path-resolve": "^1.0.2"
      }
    },
    "node_modules/mutexify": {
      "version": "1.4.0",
      "dev": true,
      "license": "MIT",
      "dependencies": {
        "queue-tick": "^1.0.0"
      }
    },
    "node_modules/nanoassert": {
      "version": "2.0.0",
      "dev": true,
      "license": "ISC"
    },
    "node_modules/nat-sampler": {
      "version": "1.0.1",
      "dev": true,
      "license": "MIT"
    },
    "node_modules/noise-curve-ed": {
      "version": "2.1.0",
      "dev": true,
      "license": "ISC",
      "dependencies": {
        "b4a": "^1.1.0",
        "nanoassert": "^2.0.0",
        "sodium-universal": "^5.0.0"
      }
    },
    "node_modules/noise-handshake": {
      "version": "4.2.0",
      "dev": true,
      "license": "Apache-2.0",
      "dependencies": {
        "b4a": "^1.1.0",
        "nanoassert": "^2.0.0",
        "sodium-universal": "^5.0.0"
      }
    },
    "node_modules/paparam": {
      "version": "1.10.1",
      "license": "Apache-2.0"
    },
    "node_modules/prettier": {
      "version": "3.8.1",
      "dev": true,
      "license": "MIT",
      "bin": {
        "prettier": "bin/prettier.cjs"
      },
      "engines": {
        "node": ">=14"
      },
      "funding": {
        "url": "https://github.com/prettier/prettier?sponsor=1"
      }
    },
    "node_modules/prettier-config-holepunch": {
      "version": "2.0.0",
      "dev": true,
      "license": "Apache-2.0",
      "peerDependencies": {
        "prettier": "^3.6.2"
      }
    },
    "node_modules/promaphore": {
      "version": "1.0.0",
      "dev": true,
      "license": "MIT"
    },
    "node_modules/protocol-buffers-encodings": {
      "version": "1.2.0",
      "dev": true,
      "license": "MIT",
      "dependencies": {
        "b4a": "^1.6.0",
        "signed-varint": "^2.0.1",
        "varint": "5.0.0"
      }
    },
    "node_modules/protomux": {
      "version": "3.10.1",
      "dev": true,
      "license": "MIT",
      "dependencies": {
        "b4a": "^1.3.1",
        "compact-encoding": "^2.5.1",
        "queue-tick": "^1.0.0",
        "safety-catch": "^1.0.1",
        "unslab": "^1.3.0"
      }
    },
    "node_modules/queue-tick": {
      "version": "1.0.1",
      "dev": true,
      "license": "MIT"
    },
    "node_modules/quickbit-native": {
      "version": "2.4.8",
      "dev": true,
      "license": "Apache-2.0",
      "optional": true,
      "dependencies": {
        "require-addon": "^1.1.0"
      }
    },
    "node_modules/quickbit-universal": {
      "version": "2.2.0",
      "dev": true,
      "license": "ISC",
      "dependencies": {
        "b4a": "^1.6.0",
        "simdle-universal": "^1.1.0"
      },
      "optionalDependencies": {
        "quickbit-native": "^2.2.0"
      }
    },
    "node_modules/rabin-native": {
      "version": "2.0.0",
      "dev": true,
      "license": "Apache-2.0",
      "dependencies": {
        "require-addon": "^1.1.0"
      }
    },
    "node_modules/rabin-stream": {
      "version": "2.0.0",
      "dev": true,
      "license": "Apache-2.0",
      "dependencies": {
        "rabin-native": "^2.0.0",
        "streamx": "^2.23.0"
      }
    },
    "node_modules/rache": {
      "version": "1.0.0",
      "dev": true,
      "license": "Apache-2.0"
    },
    "node_modules/random-array-iterator": {
      "version": "1.0.0",
      "dev": true,
      "license": "MIT"
    },
    "node_modules/ready-resource": {
      "version": "1.2.0",
      "dev": true,
      "license": "MIT",
      "dependencies": {
        "bare-events": "^2.2.0"
      }
    },
    "node_modules/record-cache": {
      "version": "1.2.0",
      "dev": true,
      "license": "MIT",
      "dependencies": {
        "b4a": "^1.3.1"
      }
    },
    "node_modules/refcounter": {
      "version": "1.0.0",
      "dev": true,
      "license": "Apache-2.0"
    },
    "node_modules/require-addon": {
      "version": "1.2.0",
      "license": "Apache-2.0",
      "dependencies": {
        "bare-addon-resolve": "^1.3.0"
      },
      "engines": {
        "bare": ">=1.10.0"
      }
    },
    "node_modules/require-asset": {
      "version": "1.2.1",
      "license": "Apache-2.0",
      "optional": true,
      "dependencies": {
        "bare-module-resolve": "^1.6.2"
      },
      "engines": {
        "bare": ">=1.10.0"
      }
    },
    "node_modules/resolve-reject-promise": {
      "version": "1.1.0",
      "dev": true,
      "license": "MIT"
    },
    "node_modules/resource-on-exit": {
      "version": "1.0.0",
      "dev": true,
      "license": "Apache-2.0"
    },
    "node_modules/rocksdb-native": {
      "version": "3.15.0",
      "dev": true,
      "license": "Apache-2.0",
      "dependencies": {
        "compact-encoding": "^2.15.0",
        "ready-resource": "^1.0.0",
        "refcounter": "^1.0.0",
        "require-addon": "^1.0.2",
        "resolve-reject-promise": "^1.1.0",
        "signal-promise": "^1.0.3",
        "streamx": "^2.16.1"
      },
      "engines": {
        "bare": ">=1.16.0"
      }
    },
    "node_modules/safety-catch": {
      "version": "1.0.3",
      "dev": true,
      "license": "MIT"
    },
    "node_modules/same-data": {
      "version": "1.0.0",
      "dev": true,
      "license": "MIT"
    },
    "node_modules/scope-lock": {
      "version": "1.2.4",
      "dev": true,
      "license": "Apache-2.0"
    },
    "node_modules/shuffled-priority-queue": {
      "version": "2.1.0",
      "dev": true,
      "license": "MIT",
      "dependencies": {
        "unordered-set": "^2.0.1"
      }
    },
    "node_modules/signal-promise": {
      "version": "1.0.3",
      "dev": true,
      "license": "MIT"
    },
    "node_modules/signed-varint": {
      "version": "2.0.1",
      "dev": true,
      "license": "MIT",
      "dependencies": {
        "varint": "~5.0.0"
      }
    },
    "node_modules/simdle-native": {
      "version": "1.3.9",
      "dev": true,
      "license": "Apache-2.0",
      "optional": true,
      "dependencies": {
        "b4a": "^1.6.0",
        "require-addon": "^1.1.0"
      }
    },
    "node_modules/simdle-universal": {
      "version": "1.1.2",
      "dev": true,
      "license": "ISC",
      "dependencies": {
        "b4a": "^1.6.0"
      },
      "optionalDependencies": {
        "simdle-native": "^1.1.1"
      }
    },
    "node_modules/sodium-native": {
      "version": "5.1.0",
      "dev": true,
      "license": "MIT",
      "dependencies": {
        "bare-assert": "^1.2.0",
        "require-addon": "^1.1.0",
        "which-runtime": "^1.2.1"
      },
      "engines": {
        "bare": ">=1.16.0"
      }
    },
    "node_modules/sodium-secretstream": {
      "version": "1.2.0",
      "dev": true,
      "license": "MIT",
      "dependencies": {
        "b4a": "^1.1.1",
        "sodium-universal": "^5.0.0"
      }
    },
    "node_modules/sodium-universal": {
      "version": "5.0.1",
      "dev": true,
      "license": "MIT",
      "dependencies": {
        "sodium-native": "^5.0.1"
      },
      "peerDependencies": {
        "sodium-javascript": "~0.8.0"
      },
      "peerDependenciesMeta": {
        "sodium-javascript": {
          "optional": true
        }
      }
    },
    "node_modules/speedometer": {
      "version": "1.1.0",
      "dev": true,
      "license": "MIT"
    },
    "node_modules/streamx": {
      "version": "2.25.0",
      "license": "MIT",
      "dependencies": {
        "events-universal": "^1.0.0",
        "fast-fifo": "^1.3.2",
        "text-decoder": "^1.1.0"
      }
    },
    "node_modules/sub-encoder": {
      "version": "2.1.3",
      "dev": true,
      "license": "Apache-2.0",
      "dependencies": {
        "b4a": "^1.6.0",
        "codecs": "^3.1.0"
      }
    },
    "node_modules/teex": {
      "version": "1.0.1",
      "license": "MIT",
      "dependencies": {
        "streamx": "^2.12.5"
      }
    },
    "node_modules/text-decoder": {
      "version": "1.2.7",
      "license": "Apache-2.0",
      "dependencies": {
        "b4a": "^1.6.4"
      }
    },
    "node_modules/time-ordered-set": {
      "version": "2.0.1",
      "dev": true,
      "license": "MIT"
    },
    "node_modules/timeout-refresh": {
      "version": "2.0.1",
      "dev": true,
      "license": "MIT"
    },
    "node_modules/udx-native": {
      "version": "1.19.2",
      "dev": true,
      "license": "Apache-2.0",
      "dependencies": {
        "b4a": "^1.5.0",
        "bare-events": "^2.2.0",
        "require-addon": "^1.1.0",
        "streamx": "^2.22.0"
      },
      "engines": {
        "bare": ">=1.17.4"
      }
    },
    "node_modules/unix-path-resolve": {
      "version": "1.0.2",
      "dev": true,
      "license": "MIT"
    },
    "node_modules/unordered-set": {
      "version": "2.0.1",
      "dev": true,
      "license": "MIT"
    },
    "node_modules/unslab": {
      "version": "1.3.0",
      "dev": true,
      "license": "Apache-2.0",
      "dependencies": {
        "b4a": "^1.6.6"
      }
    },
    "node_modules/varint": {
      "version": "5.0.0",
      "dev": true,
      "license": "MIT"
    },
    "node_modules/which-runtime": {
      "version": "1.3.2",
      "dev": true,
      "license": "Apache-2.0"
    },
    "node_modules/xache": {
      "version": "1.2.1",
      "dev": true,
      "license": "MIT"
    },
    "node_modules/z32": {
      "version": "1.1.0",
      "dev": true,
      "license": "MIT",
      "dependencies": {
        "b4a": "^1.5.3"
      }
    },
    "npm": {
      "name": "bare",
      "version": "1.28.1",
      "license": "Apache-2.0",
      "dependencies": {
        "bare-runtime": "1.28.1"
      },
      "bin": {
        "bare": "bin/bare"
      },
      "peerDependencies": {
        "bare-buffer": "*",
        "bare-console": "*",
        "bare-events": "*",
        "bare-queue-microtask": "*",
        "bare-structured-clone": "*",
        "bare-timers": "*",
        "bare-url": "*"
      },
      "peerDependenciesMeta": {
        "bare-buffer": {
          "optional": true
        },
        "bare-console": {
          "optional": true
        },
        "bare-events": {
          "optional": true
        },
        "bare-queue-microtask": {
          "optional": true
        },
        "bare-structured-clone": {
          "optional": true
        },
        "bare-timers": {
          "optional": true
        },
        "bare-url": {
          "optional": true
        }
      }
    }
  }
}
