{
  "name": "bare",
  "version": "1.2.2",
  "lockfileVersion": 3,
  "requires": true,
  "packages": {
    "": {
      "name": "bare",
      "version": "1.2.2",
      "license": "Apache-2.0",
      "dependencies": {
        "bare-runtime": "^1.2.2"
      }
    },
    "node_modules/bare-runtime": {
      "version": "1.2.2",
      "resolved": "https://registry.npmjs.org/bare-runtime/-/bare-runtime-1.2.2.tgz",
      "integrity": "sha512-Ry1dHZTXb3S0M1na+EfJM9h2Cw9bYfU8Qu7ujaXH/kxz/MlEGbMJK2x8jpL60cABGTb6GY8VT/5i4JQwtksiCA==",
      "bin": {
        "bare": "bin/bare"
      },
      "optionalDependencies": {
        "bare-runtime-android-arm": "1.2.2",
        "bare-runtime-android-arm64": "1.2.2",
        "bare-runtime-android-ia32": "1.2.2",
        "bare-runtime-android-x64": "1.2.2",
        "bare-runtime-darwin-arm64": "1.2.2",
        "bare-runtime-darwin-x64": "1.2.2",
        "bare-runtime-linux-arm64": "1.2.2",
        "bare-runtime-linux-x64": "1.2.2",
        "bare-runtime-win32-arm64": "1.2.2",
        "bare-runtime-win32-x64": "1.2.2"
      }
    },
    "node_modules/bare-runtime-android-arm": {
      "version": "1.2.2",
      "resolved": "https://registry.npmjs.org/bare-runtime-android-arm/-/bare-runtime-android-arm-1.2.2.tgz",
      "integrity": "sha512-6OFfXwAbOOZYR7qct1htbDVXPMG22zlyb/+XsFnPGaSlk/ZuLrPxr8zzpXjHYy1U64gLELUtDuK+9CIXbVz+DQ==",
      "cpu": [
        "arm"
      ],
      "optional": true,
      "os": [
        "android"
      ],
      "bin": {
        "bare": "bin/bare"
      }
    },
    "node_modules/bare-runtime-android-arm64": {
      "version": "1.2.2",
      "resolved": "https://registry.npmjs.org/bare-runtime-android-arm64/-/bare-runtime-android-arm64-1.2.2.tgz",
      "integrity": "sha512-8++U3yhsa1txgtFSMQK4c6ykTzq+Ov/OEAPsAfUubArXBtI/yKioBRL784JZ0zIrEyxwHL0bNjQWqVsoMpsmsg==",
      "cpu": [
        "arm64"
      ],
      "optional": true,
      "os": [
        "android"
      ],
      "bin": {
        "bare": "bin/bare"
      }
    },
    "node_modules/bare-runtime-android-ia32": {
      "version": "1.2.2",
      "resolved": "https://registry.npmjs.org/bare-runtime-android-ia32/-/bare-runtime-android-ia32-1.2.2.tgz",
      "integrity": "sha512-IO6CvXJ+SWfCaFFNa0pgtmQEJ0RIcxZS3Mg24SFRiG+FuJXTcvAJFGktB3i3lnJhW7mqt8zO3miK3Z63obd9Jg==",
      "cpu": [
        "ia32"
      ],
      "optional": true,
      "os": [
        "android"
      ],
      "bin": {
        "bare": "bin/bare"
      }
    },
    "node_modules/bare-runtime-android-x64": {
      "version": "1.2.2",
      "resolved": "https://registry.npmjs.org/bare-runtime-android-x64/-/bare-runtime-android-x64-1.2.2.tgz",
      "integrity": "sha512-510Nx41JgoGPEI131BQgj3RkxN9JOpGe0xkb69HE9uiFW6BvB5IHd/6/bvC+oFG5gsjVRUegsgHzu6iPsa0sEw==",
      "cpu": [
        "x64"
      ],
      "optional": true,
      "os": [
        "android"
      ],
      "bin": {
        "bare": "bin/bare"
      }
    },
    "node_modules/bare-runtime-darwin-arm64": {
      "version": "1.2.2",
      "resolved": "https://registry.npmjs.org/bare-runtime-darwin-arm64/-/bare-runtime-darwin-arm64-1.2.2.tgz",
      "integrity": "sha512-mJI8bHrDTy8bOB4xRzYTfKZPYKa7Nz0V9Kdi0EdgPoaued4li1h1iv8zMk3J0ASs0TRVadXkh4xyDt2d5Hte0Q==",
      "cpu": [
        "arm64"
      ],
      "optional": true,
      "os": [
        "darwin"
      ],
      "bin": {
        "bare": "bin/bare"
      }
    },
    "node_modules/bare-runtime-darwin-x64": {
      "version": "1.2.2",
      "resolved": "https://registry.npmjs.org/bare-runtime-darwin-x64/-/bare-runtime-darwin-x64-1.2.2.tgz",
      "integrity": "sha512-yhSvHDKqW9qxqan6ZsGsjGIcab7TZb0vo05HCitScVS0OdLm3fcvkhAMGQKPHZrWMr6gWFe7wcZu7SNSls2kfg==",
      "cpu": [
        "x64"
      ],
      "optional": true,
      "os": [
        "darwin"
      ],
      "bin": {
        "bare": "bin/bare"
      }
    },
    "node_modules/bare-runtime-linux-arm64": {
      "version": "1.2.2",
      "resolved": "https://registry.npmjs.org/bare-runtime-linux-arm64/-/bare-runtime-linux-arm64-1.2.2.tgz",
      "integrity": "sha512-9/Q7btGOKKSDLNwokudOo3DvndWNPsiafO3SuycgqdQdJvVaCg5oEeHliTHmA4rUiSsuaqXTr7n4P6MlmbOTQQ==",
      "cpu": [
        "arm64"
      ],
      "optional": true,
      "os": [
        "linux"
      ],
      "bin": {
        "bare": "bin/bare"
      }
    },
    "node_modules/bare-runtime-linux-x64": {
      "version": "1.2.2",
      "resolved": "https://registry.npmjs.org/bare-runtime-linux-x64/-/bare-runtime-linux-x64-1.2.2.tgz",
      "integrity": "sha512-8XWXeAykOziowIW9+0KEb3+ZSbV6U/Shp1nDPDJEC23shnJQ1UT0w9OMNiFd23pa0M4aObf5Xjxka7R4DZW9bg==",
      "cpu": [
        "x64"
      ],
      "optional": true,
      "os": [
        "linux"
      ],
      "bin": {
        "bare": "bin/bare"
      }
    },
    "node_modules/bare-runtime-win32-arm64": {
      "version": "1.2.2",
      "resolved": "https://registry.npmjs.org/bare-runtime-win32-arm64/-/bare-runtime-win32-arm64-1.2.2.tgz",
      "integrity": "sha512-Pevn/MZe1NpeI30UWdPXCA+QGTlSagIdKe1vTmM0VoNYU7CFaJkTLdV7A+Uh550tllzRjLCFF+WVsBGxepPemg==",
      "cpu": [
        "arm64"
      ],
      "optional": true,
      "os": [
        "win32"
      ],
      "bin": {
        "bare": "bin/bare.exe"
      }
    },
    "node_modules/bare-runtime-win32-x64": {
      "version": "1.2.2",
      "resolved": "https://registry.npmjs.org/bare-runtime-win32-x64/-/bare-runtime-win32-x64-1.2.2.tgz",
      "integrity": "sha512-J2LYXxMssAq69PJRpe5904lcB/Pgpk+vkriaOz41JIWW413O0Ady26NoX1zbSfv1Vik9wojfV0f2RlI+sVfNhQ==",
      "cpu": [
        "x64"
      ],
      "optional": true,
      "os": [
        "win32"
      ],
      "bin": {
        "bare": "bin/bare.exe"
      }
    }
  }
}
