{
  "name": "bare",
  "version": "1.4.1",
  "lockfileVersion": 3,
  "requires": true,
  "packages": {
    "": {
      "name": "bare",
      "version": "1.4.1",
      "license": "Apache-2.0",
      "dependencies": {
        "bare-runtime": "1.3.0"
      },
      "bin": {
        "bare": "bin/bare"
      }
    },
    "node_modules/bare-runtime": {
      "version": "1.3.0",
      "resolved": "https://registry.npmjs.org/bare-runtime/-/bare-runtime-1.3.0.tgz",
      "integrity": "sha512-g2iPpV7PpD0KjynWXsJKVdDKo9BysxL3QjbzbyVVFk9EJYbPiD+Oy3InK+DAwqHBdXauiwFWnalePZwvh66nIg==",
      "license": "Apache-2.0",
      "bin": {
        "bare": "bin/bare"
      },
      "optionalDependencies": {
        "bare-runtime-android-arm": "1.3.0",
        "bare-runtime-android-arm64": "1.3.0",
        "bare-runtime-android-ia32": "1.3.0",
        "bare-runtime-android-x64": "1.3.0",
        "bare-runtime-darwin-arm64": "1.3.0",
        "bare-runtime-darwin-x64": "1.3.0",
        "bare-runtime-linux-arm64": "1.3.0",
        "bare-runtime-linux-x64": "1.3.0",
        "bare-runtime-win32-arm64": "1.3.0",
        "bare-runtime-win32-x64": "1.3.0"
      }
    },
    "node_modules/bare-runtime-android-arm": {
      "version": "1.3.0",
      "resolved": "https://registry.npmjs.org/bare-runtime-android-arm/-/bare-runtime-android-arm-1.3.0.tgz",
      "integrity": "sha512-EDUx8Yv6F+yBXjsjfTlVHxNpv78nPznzSYxffUd2aFKcB0Fr/d4qEwhQ4+TT7/mFAyYfRaJ8mNkJirNkCkpFdg==",
      "cpu": [
        "arm"
      ],
      "license": "Apache-2.0",
      "optional": true,
      "os": [
        "android"
      ],
      "bin": {
        "bare": "bin/bare"
      }
    },
    "node_modules/bare-runtime-android-arm64": {
      "version": "1.3.0",
      "resolved": "https://registry.npmjs.org/bare-runtime-android-arm64/-/bare-runtime-android-arm64-1.3.0.tgz",
      "integrity": "sha512-sZXXiVLaYJls9nOQmLxfpfBXphUYpk1YmlJiiAJ74w06sQLbXWSezknnPRvYnu1Utb033SVMGtN0L/NW8Bk2CQ==",
      "cpu": [
        "arm64"
      ],
      "license": "Apache-2.0",
      "optional": true,
      "os": [
        "android"
      ],
      "bin": {
        "bare": "bin/bare"
      }
    },
    "node_modules/bare-runtime-android-ia32": {
      "version": "1.3.0",
      "resolved": "https://registry.npmjs.org/bare-runtime-android-ia32/-/bare-runtime-android-ia32-1.3.0.tgz",
      "integrity": "sha512-+F3Nd6JFfxdB/OXSNV5Jo6f/B8hYjNVbB1olg0NRT71dMEBAmRYGn49eLpkrjLQemjLbtu1xlNCmSeQALnS6gQ==",
      "cpu": [
        "ia32"
      ],
      "license": "Apache-2.0",
      "optional": true,
      "os": [
        "android"
      ],
      "bin": {
        "bare": "bin/bare"
      }
    },
    "node_modules/bare-runtime-android-x64": {
      "version": "1.3.0",
      "resolved": "https://registry.npmjs.org/bare-runtime-android-x64/-/bare-runtime-android-x64-1.3.0.tgz",
      "integrity": "sha512-/prEiz4ml2BthKgKFNIW8UjhkpdIXQw73LI7RZvj1CkwVZCB4TRkNA62Y2PlnXPapFUCSfyV96UdABNFCzsiVw==",
      "cpu": [
        "x64"
      ],
      "license": "Apache-2.0",
      "optional": true,
      "os": [
        "android"
      ],
      "bin": {
        "bare": "bin/bare"
      }
    },
    "node_modules/bare-runtime-darwin-arm64": {
      "version": "1.3.0",
      "resolved": "https://registry.npmjs.org/bare-runtime-darwin-arm64/-/bare-runtime-darwin-arm64-1.3.0.tgz",
      "integrity": "sha512-AeOwua2Y7yWNwTII/SnB8CMJbLk5YAKxpSMwx27NCRJ+VGBQ5jbrwLL+lEyTsZwcRn5JT/ELUS0I7zbHCoG8vw==",
      "cpu": [
        "arm64"
      ],
      "license": "Apache-2.0",
      "optional": true,
      "os": [
        "darwin"
      ],
      "bin": {
        "bare": "bin/bare"
      }
    },
    "node_modules/bare-runtime-darwin-x64": {
      "version": "1.3.0",
      "resolved": "https://registry.npmjs.org/bare-runtime-darwin-x64/-/bare-runtime-darwin-x64-1.3.0.tgz",
      "integrity": "sha512-nUnIWzehpYQeesNhWG6xvzMM6OdwKjEfCf32BSLYGVeAzXb2feTKhYrVVqNE1U5onZsRqt2hHpEv/vkcC/KA+A==",
      "cpu": [
        "x64"
      ],
      "license": "Apache-2.0",
      "optional": true,
      "os": [
        "darwin"
      ],
      "bin": {
        "bare": "bin/bare"
      }
    },
    "node_modules/bare-runtime-linux-arm64": {
      "version": "1.3.0",
      "resolved": "https://registry.npmjs.org/bare-runtime-linux-arm64/-/bare-runtime-linux-arm64-1.3.0.tgz",
      "integrity": "sha512-ViNNAMD0fI20Y5O9E61XU9Iy2Hvl8mJLUA2l8Om9SeO5ReKEGXDqUy6uAoUnOHZUuZQpUl5G4bkr4QjWcEDjeQ==",
      "cpu": [
        "arm64"
      ],
      "license": "Apache-2.0",
      "optional": true,
      "os": [
        "linux"
      ],
      "bin": {
        "bare": "bin/bare"
      }
    },
    "node_modules/bare-runtime-linux-x64": {
      "version": "1.3.0",
      "resolved": "https://registry.npmjs.org/bare-runtime-linux-x64/-/bare-runtime-linux-x64-1.3.0.tgz",
      "integrity": "sha512-HzjOuV8iV+erI3iPSRXAMyREWPD9yfv5t9FW5mA2gWbsUdiSnSYWhRwFzM7r4gj3E1OiMqKcgk90q+3n8GAXSw==",
      "cpu": [
        "x64"
      ],
      "license": "Apache-2.0",
      "optional": true,
      "os": [
        "linux"
      ],
      "bin": {
        "bare": "bin/bare"
      }
    },
    "node_modules/bare-runtime-win32-arm64": {
      "version": "1.3.0",
      "resolved": "https://registry.npmjs.org/bare-runtime-win32-arm64/-/bare-runtime-win32-arm64-1.3.0.tgz",
      "integrity": "sha512-IWv+MAxezFQWYNrMhzgr5/pJaa/uoOy5nHfxQ4ZvZ5O76nFmC8PE+lkei7E8BGYP2vj0Av1fD1gMRd8f6L1Y0A==",
      "cpu": [
        "arm64"
      ],
      "license": "Apache-2.0",
      "optional": true,
      "os": [
        "win32"
      ],
      "bin": {
        "bare": "bin/bare.exe"
      }
    },
    "node_modules/bare-runtime-win32-x64": {
      "version": "1.3.0",
      "resolved": "https://registry.npmjs.org/bare-runtime-win32-x64/-/bare-runtime-win32-x64-1.3.0.tgz",
      "integrity": "sha512-69Rd4DUtPEDudYh5cNGNjDqxcOkeadezw0Dw3ForCVlKyfJfRIIUYkAFMXxGl9ZFLH8xTng1Q1UilZ9WOyQakQ==",
      "cpu": [
        "x64"
      ],
      "license": "Apache-2.0",
      "optional": true,
      "os": [
        "win32"
      ],
      "bin": {
        "bare": "bin/bare.exe"
      }
    }
  }
}
